{
	"name": "meower-svelte",
	"version": "1.0.0",
	"lockfileVersion": 3,
	"requires": true,
	"packages": {
		"": {
			"name": "meower-svelte",
			"version": "1.0.0",
			"dependencies": {
				"dompurify": "^2.4.1",
				"marked": "^4.2.4",
				"svelte-textarea-autoresize": "^1.0.0",
				"svelte-twemoji": "^1.0.4"
			},
			"devDependencies": {
				"@sveltejs/vite-plugin-svelte": "^1.0.0-next.30",
				"prettier": "^2.8.1",
				"prettier-plugin-svelte": "^2.9.0",
				"svelte": "^3.49.0",
				"vite": "^2.9.9"
			}
		},
		"node_modules/@rollup/pluginutils": {
			"version": "4.2.1",
			"dev": true,
			"license": "MIT",
			"dependencies": {
				"estree-walker": "^2.0.1",
				"picomatch": "^2.2.2"
			},
			"engines": {
				"node": ">= 8.0.0"
			}
		},
		"node_modules/@sveltejs/vite-plugin-svelte": {
			"version": "1.0.0-next.49",
			"dev": true,
			"license": "MIT",
			"dependencies": {
				"@rollup/pluginutils": "^4.2.1",
				"debug": "^4.3.4",
				"deepmerge": "^4.2.2",
				"kleur": "^4.1.4",
				"magic-string": "^0.26.2",
				"svelte-hmr": "^0.14.12"
			},
			"engines": {
				"node": "^14.13.1 || >= 16"
			},
			"peerDependencies": {
				"diff-match-patch": "^1.0.5",
				"svelte": "^3.44.0",
				"vite": "^2.9.0"
			},
			"peerDependenciesMeta": {
				"diff-match-patch": {
					"optional": true
				}
			}
		},
		"node_modules/debug": {
			"version": "4.3.4",
			"dev": true,
			"license": "MIT",
			"dependencies": {
				"ms": "2.1.2"
			},
			"engines": {
				"node": ">=6.0"
			},
			"peerDependenciesMeta": {
				"supports-color": {
					"optional": true
				}
			}
		},
		"node_modules/deepmerge": {
			"version": "4.2.2",
			"dev": true,
			"license": "MIT",
			"engines": {
				"node": ">=0.10.0"
			}
		},
		"node_modules/dompurify": {
			"version": "2.4.1",
			"license": "(MPL-2.0 OR Apache-2.0)"
		},
		"node_modules/esbuild": {
			"version": "0.14.48",
			"dev": true,
			"hasInstallScript": true,
			"license": "MIT",
			"bin": {
				"esbuild": "bin/esbuild"
			},
			"engines": {
				"node": ">=12"
			},
			"optionalDependencies": {
				"esbuild-android-64": "0.14.48",
				"esbuild-android-arm64": "0.14.48",
				"esbuild-darwin-64": "0.14.48",
				"esbuild-darwin-arm64": "0.14.48",
				"esbuild-freebsd-64": "0.14.48",
				"esbuild-freebsd-arm64": "0.14.48",
				"esbuild-linux-32": "0.14.48",
				"esbuild-linux-64": "0.14.48",
				"esbuild-linux-arm": "0.14.48",
				"esbuild-linux-arm64": "0.14.48",
				"esbuild-linux-mips64le": "0.14.48",
				"esbuild-linux-ppc64le": "0.14.48",
				"esbuild-linux-riscv64": "0.14.48",
				"esbuild-linux-s390x": "0.14.48",
				"esbuild-netbsd-64": "0.14.48",
				"esbuild-openbsd-64": "0.14.48",
				"esbuild-sunos-64": "0.14.48",
				"esbuild-windows-32": "0.14.48",
				"esbuild-windows-64": "0.14.48",
				"esbuild-windows-arm64": "0.14.48"
			}
		},
		"node_modules/esbuild-windows-64": {
			"version": "0.14.48",
			"cpu": [
				"x64"
			],
			"dev": true,
			"license": "MIT",
			"optional": true,
			"os": [
				"win32"
			],
			"engines": {
				"node": ">=12"
			}
		},
		"node_modules/estree-walker": {
			"version": "2.0.2",
			"dev": true,
			"license": "MIT"
		},
		"node_modules/fsevents": {
			"version": "2.3.2",
			"dev": true,
			"license": "MIT",
			"optional": true,
			"os": [
				"darwin"
			],
			"engines": {
				"node": "^8.16.0 || ^10.6.0 || >=11.0.0"
			}
		},
		"node_modules/function-bind": {
			"version": "1.1.1",
			"dev": true,
			"license": "MIT"
		},
		"node_modules/graceful-fs": {
			"version": "4.2.10",
			"license": "ISC"
		},
		"node_modules/has": {
			"version": "1.0.3",
			"dev": true,
			"license": "MIT",
			"dependencies": {
				"function-bind": "^1.1.1"
			},
			"engines": {
				"node": ">= 0.4.0"
			}
		},
		"node_modules/is-core-module": {
			"version": "2.9.0",
			"dev": true,
			"license": "MIT",
			"dependencies": {
				"has": "^1.0.3"
			},
			"funding": {
				"url": "https://github.com/sponsors/ljharb"
			}
		},
		"node_modules/kleur": {
			"version": "4.1.5",
			"dev": true,
			"license": "MIT",
			"engines": {
				"node": ">=6"
			}
		},
		"node_modules/magic-string": {
			"version": "0.26.2",
			"dev": true,
			"license": "MIT",
			"dependencies": {
				"sourcemap-codec": "^1.4.8"
			},
			"engines": {
				"node": ">=12"
			}
		},
		"node_modules/marked": {
			"version": "4.2.4",
			"license": "MIT",
			"bin": {
				"marked": "bin/marked.js"
			},
			"engines": {
				"node": ">= 12"
			}
		},
		"node_modules/ms": {
			"version": "2.1.2",
			"dev": true,
			"license": "MIT"
		},
		"node_modules/nanoid": {
			"version": "3.3.4",
			"dev": true,
			"license": "MIT",
			"bin": {
				"nanoid": "bin/nanoid.cjs"
			},
			"engines": {
				"node": "^10 || ^12 || ^13.7 || ^14 || >=15.0.1"
			}
		},
		"node_modules/path-parse": {
			"version": "1.0.7",
			"dev": true,
			"license": "MIT"
		},
		"node_modules/picocolors": {
			"version": "1.0.0",
			"dev": true,
			"license": "ISC"
		},
		"node_modules/picomatch": {
			"version": "2.3.1",
			"dev": true,
			"license": "MIT",
			"engines": {
				"node": ">=8.6"
			},
			"funding": {
				"url": "https://github.com/sponsors/jonschlinkert"
			}
		},
		"node_modules/postcss": {
			"version": "8.4.14",
			"dev": true,
			"funding": [
				{
					"type": "opencollective",
					"url": "https://opencollective.com/postcss/"
				},
				{
					"type": "tidelift",
					"url": "https://tidelift.com/funding/github/npm/postcss"
				}
			],
			"license": "MIT",
			"dependencies": {
				"nanoid": "^3.3.4",
				"picocolors": "^1.0.0",
				"source-map-js": "^1.0.2"
			},
			"engines": {
				"node": "^10 || ^12 || >=14"
			}
		},
		"node_modules/prettier": {
			"version": "2.8.1",
			"resolved": "https://registry.npmjs.org/prettier/-/prettier-2.8.1.tgz",
			"integrity": "sha512-lqGoSJBQNJidqCHE80vqZJHWHRFoNYsSpP9AjFhlhi9ODCJA541svILes/+/1GM3VaL/abZi7cpFzOpdR9UPKg==",
			"dev": true,
			"bin": {
				"prettier": "bin-prettier.js"
			},
			"engines": {
				"node": ">=10.13.0"
			},
			"funding": {
				"url": "https://github.com/prettier/prettier?sponsor=1"
			}
		},
		"node_modules/prettier-plugin-svelte": {
			"version": "2.9.0",
			"resolved": "https://registry.npmjs.org/prettier-plugin-svelte/-/prettier-plugin-svelte-2.9.0.tgz",
			"integrity": "sha512-3doBi5NO4IVgaNPtwewvrgPpqAcvNv0NwJNflr76PIGgi9nf1oguQV1Hpdm9TI2ALIQVn/9iIwLpBO5UcD2Jiw==",
			"dev": true,
			"peerDependencies": {
				"prettier": "^1.16.4 || ^2.0.0",
				"svelte": "^3.2.0"
			}
		},
		"node_modules/resolve": {
			"version": "1.22.1",
			"dev": true,
			"license": "MIT",
			"dependencies": {
				"is-core-module": "^2.9.0",
				"path-parse": "^1.0.7",
				"supports-preserve-symlinks-flag": "^1.0.0"
			},
			"bin": {
				"resolve": "bin/resolve"
			},
			"funding": {
				"url": "https://github.com/sponsors/ljharb"
			}
		},
		"node_modules/rollup": {
			"version": "2.75.7",
			"dev": true,
			"license": "MIT",
			"bin": {
				"rollup": "dist/bin/rollup"
			},
			"engines": {
				"node": ">=10.0.0"
			},
			"optionalDependencies": {
				"fsevents": "~2.3.2"
			}
		},
		"node_modules/source-map-js": {
			"version": "1.0.2",
			"dev": true,
			"license": "BSD-3-Clause",
			"engines": {
				"node": ">=0.10.0"
			}
		},
		"node_modules/sourcemap-codec": {
			"version": "1.4.8",
			"dev": true,
			"license": "MIT"
		},
		"node_modules/supports-preserve-symlinks-flag": {
			"version": "1.0.0",
			"dev": true,
			"license": "MIT",
			"engines": {
				"node": ">= 0.4"
			},
			"funding": {
				"url": "https://github.com/sponsors/ljharb"
			}
		},
		"node_modules/svelte": {
			"version": "3.49.0",
			"dev": true,
			"license": "MIT",
			"engines": {
				"node": ">= 8"
			}
		},
		"node_modules/svelte-hmr": {
			"version": "0.14.12",
			"dev": true,
			"license": "ISC",
			"engines": {
				"node": "^12.20 || ^14.13.1 || >= 16"
			},
			"peerDependencies": {
				"svelte": ">=3.19.0"
			}
		},
		"node_modules/svelte-textarea-autoresize": {
			"version": "1.0.0"
		},
		"node_modules/svelte-twemoji": {
			"version": "1.0.4",
			"resolved": "https://registry.npmjs.org/svelte-twemoji/-/svelte-twemoji-1.0.4.tgz",
			"integrity": "sha512-OQOfrSMjY7rjmmLpBFiUnL2hEPQoY+kVQQGl7EnnhzrYcHup57jZ6WB7OpRlUQwP57N2ScEhpEnfYlzWSy+Stg==",
			"dependencies": {
				"twemoji": "^13.0.1"
			}
		},
		"node_modules/twemoji": {
			"version": "13.1.1",
			"resolved": "https://registry.npmjs.org/twemoji/-/twemoji-13.1.1.tgz",
			"integrity": "sha512-IIIoq+n1lk1M1+evBKZD3DO0ud02fDQ4ssbgAv8rp3YBWUeNmskjlisFUPPDacQ50XS3bhrd4Kq9Q2gqhxb0dg==",
			"dependencies": {
				"fs-extra": "^8.0.1",
				"jsonfile": "^5.0.0",
				"twemoji-parser": "13.1.0",
				"universalify": "^0.1.2"
			}
		},
		"node_modules/twemoji-parser": {
			"version": "13.1.0",
			"resolved": "https://registry.npmjs.org/twemoji-parser/-/twemoji-parser-13.1.0.tgz",
			"integrity": "sha512-AQOzLJpYlpWMy8n+0ATyKKZzWlZBJN+G0C+5lhX7Ftc2PeEVdUU/7ns2Pn2vVje26AIZ/OHwFoUbdv6YYD/wGg=="
		},
		"node_modules/twemoji/node_modules/fs-extra": {
			"version": "8.1.0",
			"resolved": "https://registry.npmjs.org/fs-extra/-/fs-extra-8.1.0.tgz",
			"integrity": "sha512-yhlQgA6mnOJUKOsRUFsgJdQCvkKhcz8tlZG5HBQfReYZy46OwLcY+Zia0mtdHsOo9y/hP+CxMN0TU9QxoOtG4g==",
			"dependencies": {
				"graceful-fs": "^4.2.0",
				"jsonfile": "^4.0.0",
				"universalify": "^0.1.0"
			},
			"engines": {
				"node": ">=6 <7 || >=8"
			}
		},
		"node_modules/twemoji/node_modules/fs-extra/node_modules/jsonfile": {
			"version": "4.0.0",
			"resolved": "https://registry.npmjs.org/jsonfile/-/jsonfile-4.0.0.tgz",
			"integrity": "sha512-m6F1R3z8jjlf2imQHS2Qez5sjKWQzbuuhuJ/FKYFRZvPE3PuHcSMVZzfsLhGVOkfd20obL5SWEBew5ShlquNxg==",
			"optionalDependencies": {
				"graceful-fs": "^4.1.6"
			}
		},
		"node_modules/twemoji/node_modules/jsonfile": {
			"version": "5.0.0",
			"resolved": "https://registry.npmjs.org/jsonfile/-/jsonfile-5.0.0.tgz",
			"integrity": "sha512-NQRZ5CRo74MhMMC3/3r5g2k4fjodJ/wh8MxjFbCViWKFjxrnudWSY5vomh+23ZaXzAS7J3fBZIR2dV6WbmfM0w==",
			"dependencies": {
				"universalify": "^0.1.2"
			},
			"optionalDependencies": {
				"graceful-fs": "^4.1.6"
			}
		},
		"node_modules/twemoji/node_modules/universalify": {
			"version": "0.1.2",
			"resolved": "https://registry.npmjs.org/universalify/-/universalify-0.1.2.tgz",
			"integrity": "sha512-rBJeI5CXAlmy1pV+617WB9J63U6XcazHHF2f2dbJix4XzpUF0RS3Zbj0FGIOCAva5P/d/GBOYaACQ1w+0azUkg==",
			"engines": {
				"node": ">= 4.0.0"
			}
		},
		"node_modules/vite": {
			"version": "2.9.13",
			"dev": true,
			"license": "MIT",
			"dependencies": {
				"esbuild": "^0.14.27",
				"postcss": "^8.4.13",
				"resolve": "^1.22.0",
				"rollup": "^2.59.0"
			},
			"bin": {
				"vite": "bin/vite.js"
			},
			"engines": {
				"node": ">=12.2.0"
			},
			"optionalDependencies": {
				"fsevents": "~2.3.2"
			},
			"peerDependencies": {
				"less": "*",
				"sass": "*",
				"stylus": "*"
			},
			"peerDependenciesMeta": {
				"less": {
					"optional": true
				},
				"sass": {
					"optional": true
				},
				"stylus": {
					"optional": true
				}
			}
		}
	}
}
